// !$*UTF8*$!
{
	archiveVersion = 1;
	classes = {
	};
	objectVersion = 46;
	objects = {

/* Begin PBXBuildFile section */
		EF3310811DA4F61600FF1D75 /* AppDelegate.swift in Sources */ = {isa = PBXBuildFile; fileRef = EF3310801DA4F61600FF1D75 /* AppDelegate.swift */; };
		EF3310831DA4F61600FF1D75 /* ViewController.swift in Sources */ = {isa = PBXBuildFile; fileRef = EF3310821DA4F61600FF1D75 /* ViewController.swift */; };
		EF3310861DA4F61600FF1D75 /* Main.storyboard in Resources */ = {isa = PBXBuildFile; fileRef = EF3310841DA4F61600FF1D75 /* Main.storyboard */; };
		EF3310881DA4F61600FF1D75 /* Assets.xcassets in Resources */ = {isa = PBXBuildFile; fileRef = EF3310871DA4F61600FF1D75 /* Assets.xcassets */; };
		EF33108B1DA4F61600FF1D75 /* LaunchScreen.storyboard in Resources */ = {isa = PBXBuildFile; fileRef = EF3310891DA4F61600FF1D75 /* LaunchScreen.storyboard */; };
		EF3310961DA4F61600FF1D75 /* TableViewCustomSectionSampleTests.swift in Sources */ = {isa = PBXBuildFile; fileRef = EF3310951DA4F61600FF1D75 /* TableViewCustomSectionSampleTests.swift */; };
		EF3310A11DA4F61600FF1D75 /* TableViewCustomSectionSampleUITests.swift in Sources */ = {isa = PBXBuildFile; fileRef = EF3310A01DA4F61600FF1D75 /* TableViewCustomSectionSampleUITests.swift */; };
/* End PBXBuildFile section */

/* Begin PBXContainerItemProxy section */
		EF3310921DA4F61600FF1D75 /* PBXContainerItemProxy */ = {
			isa = PBXContainerItemProxy;
			containerPortal = EF3310751DA4F61600FF1D75 /* Project object */;
			proxyType = 1;
			remoteGlobalIDString = EF33107C1DA4F61600FF1D75;
			remoteInfo = TableViewCustomSectionSample;
		};
		EF33109D1DA4F61600FF1D75 /* PBXContainerItemProxy */ = {
			isa = PBXContainerItemProxy;
			containerPortal = EF3310751DA4F61600FF1D75 /* Project object */;
			proxyType = 1;
			remoteGlobalIDString = EF33107C1DA4F61600FF1D75;
			remoteInfo = TableViewCustomSectionSample;
		};
/* End PBXContainerItemProxy section */

/* Begin PBXFileReference section */
		EF33107D1DA4F61600FF1D75 /* TableViewCustomSectionSample.app */ = {isa = PBXFileReference; explicitFileType = wrapper.application; includeInIndex = 0; path = TableViewCustomSectionSample.app; sourceTree = BUILT_PRODUCTS_DIR; };
		EF3310801DA4F61600FF1D75 /* AppDelegate.swift */ = {isa = PBXFileReference; lastKnownFileType = sourcecode.swift; path = AppDelegate.swift; sourceTree = "<group>"; };
		EF3310821DA4F61600FF1D75 /* ViewController.swift */ = {isa = PBXFileReference; lastKnownFileType = sourcecode.swift; path = ViewController.swift; sourceTree = "<group>"; };
		EF3310851DA4F61600FF1D75 /* Base */ = {isa = PBXFileReference; lastKnownFileType = file.storyboard; name = Base; path = Base.lproj/Main.storyboard; sourceTree = "<group>"; };
		EF3310871DA4F61600FF1D75 /* Assets.xcassets */ = {isa = PBXFileReference; lastKnownFileType = folder.assetcatalog; path = Assets.xcassets; sourceTree = "<group>"; };
		EF33108A1DA4F61600FF1D75 /* Base */ = {isa = PBXFileReference; lastKnownFileType = file.storyboard; name = Base; path = Base.lproj/LaunchScreen.storyboard; sourceTree = "<group>"; };
		EF33108C1DA4F61600FF1D75 /* Info.plist */ = {isa = PBXFileReference; lastKnownFileType = text.plist.xml; path = Info.plist; sourceTree = "<group>"; };
		EF3310911DA4F61600FF1D75 /* TableViewCustomSectionSampleTests.xctest */ = {isa = PBXFileReference; explicitFileType = wrapper.cfbundle; includeInIndex = 0; path = TableViewCustomSectionSampleTests.xctest; sourceTree = BUILT_PRODUCTS_DIR; };
		EF3310951DA4F61600FF1D75 /* TableViewCustomSectionSampleTests.swift */ = {isa = PBXFileReference; lastKnownFileType = sourcecode.swift; path = TableViewCustomSectionSampleTests.swift; sourceTree = "<group>"; };
		EF3310971DA4F61600FF1D75 /* Info.plist */ = {isa = PBXFileReference; lastKnownFileType = text.plist.xml; path = Info.plist; sourceTree = "<group>"; };
		EF33109C1DA4F61600FF1D75 /* TableViewCustomSectionSampleUITests.xctest */ = {isa = PBXFileReference; explicitFileType = wrapper.cfbundle; includeInIndex = 0; path = TableViewCustomSectionSampleUITests.xctest; sourceTree = BUILT_PRODUCTS_DIR; };
		EF3310A01DA4F61600FF1D75 /* TableViewCustomSectionSampleUITests.swift */ = {isa = PBXFileReference; lastKnownFileType = sourcecode.swift; path = TableViewCustomSectionSampleUITests.swift; sourceTree = "<group>"; };
		EF3310A21DA4F61600FF1D75 /* Info.plist */ = {isa = PBXFileReference; lastKnownFileType = text.plist.xml; path = Info.plist; sourceTree = "<group>"; };
/* End PBXFileReference section */

/* Begin PBXFrameworksBuildPhase section */
		EF33107A1DA4F61600FF1D75 /* Frameworks */ = {
			isa = PBXFrameworksBuildPhase;
			buildActionMask = 2147483647;
			files = (
			);
			runOnlyForDeploymentPostprocessing = 0;
		};
		EF33108E1DA4F61600FF1D75 /* Frameworks */ = {
			isa = PBXFrameworksBuildPhase;
			buildActionMask = 2147483647;
			files = (
			);
			runOnlyForDeploymentPostprocessing = 0;
		};
		EF3310991DA4F61600FF1D75 /* Frameworks */ = {
			isa = PBXFrameworksBuildPhase;
			buildActionMask = 2147483647;
			files = (
			);
			runOnlyForDeploymentPostprocessing = 0;
		};
/* End PBXFrameworksBuildPhase section */

/* Begin PBXGroup section */
		EF3310741DA4F61600FF1D75 = {
			isa = PBXGroup;
			children = (
				EF33107F1DA4F61600FF1D75 /* TableViewCustomSectionSample */,
				EF3310941DA4F61600FF1D75 /* TableViewCustomSectionSampleTests */,
				EF33109F1DA4F61600FF1D75 /* TableViewCustomSectionSampleUITests */,
				EF33107E1DA4F61600FF1D75 /* Products */,
			);
			sourceTree = "<group>";
		};
		EF33107E1DA4F61600FF1D75 /* Products */ = {
			isa = PBXGroup;
			children = (
				EF33107D1DA4F61600FF1D75 /* TableViewCustomSectionSample.app */,
				EF3310911DA4F61600FF1D75 /* TableViewCustomSectionSampleTests.xctest */,
				EF33109C1DA4F61600FF1D75 /* TableViewCustomSectionSampleUITests.xctest */,
			);
			name = Products;
			sourceTree = "<group>";
		};
		EF33107F1DA4F61600FF1D75 /* TableViewCustomSectionSample */ = {
			isa = PBXGroup;
			children = (
				EF3310801DA4F61600FF1D75 /* AppDelegate.swift */,
				EF3310821DA4F61600FF1D75 /* ViewController.swift */,
				EF3310841DA4F61600FF1D75 /* Main.storyboard */,
				EF3310871DA4F61600FF1D75 /* Assets.xcassets */,
				EF3310891DA4F61600FF1D75 /* LaunchScreen.storyboard */,
				EF33108C1DA4F61600FF1D75 /* Info.plist */,
			);
			path = TableViewCustomSectionSample;
			sourceTree = "<group>";
		};
		EF3310941DA4F61600FF1D75 /* TableViewCustomSectionSampleTests */ = {
			isa = PBXGroup;
			children = (
				EF3310951DA4F61600FF1D75 /* TableViewCustomSectionSampleTests.swift */,
				EF3310971DA4F61600FF1D75 /* Info.plist */,
			);
			path = TableViewCustomSectionSampleTests;
			sourceTree = "<group>";
		};
		EF33109F1DA4F61600FF1D75 /* TableViewCustomSectionSampleUITests */ = {
			isa = PBXGroup;
			children = (
				EF3310A01DA4F61600FF1D75 /* TableViewCustomSectionSampleUITests.swift */,
				EF3310A21DA4F61600FF1D75 /* Info.plist */,
			);
			path = TableViewCustomSectionSampleUITests;
			sourceTree = "<group>";
		};
/* End PBXGroup section */

/* Begin PBXNativeTarget section */
		EF33107C1DA4F61600FF1D75 /* TableViewCustomSectionSample */ = {
			isa = PBXNativeTarget;
			buildConfigurationList = EF3310A51DA4F61600FF1D75 /* Build configuration list for PBXNativeTarget "TableViewCustomSectionSample" */;
			buildPhases = (
				EF3310791DA4F61600FF1D75 /* Sources */,
				EF33107A1DA4F61600FF1D75 /* Frameworks */,
				EF33107B1DA4F61600FF1D75 /* Resources */,
			);
			buildRules = (
			);
			dependencies = (
			);
			name = TableViewCustomSectionSample;
			productName = TableViewCustomSectionSample;
			productReference = EF33107D1DA4F61600FF1D75 /* TableViewCustomSectionSample.app */;
			productType = "com.apple.product-type.application";
		};
		EF3310901DA4F61600FF1D75 /* TableViewCustomSectionSampleTests */ = {
			isa = PBXNativeTarget;
			buildConfigurationList = EF3310A81DA4F61600FF1D75 /* Build configuration list for PBXNativeTarget "TableViewCustomSectionSampleTests" */;
			buildPhases = (
				EF33108D1DA4F61600FF1D75 /* Sources */,
				EF33108E1DA4F61600FF1D75 /* Frameworks */,
				EF33108F1DA4F61600FF1D75 /* Resources */,
			);
			buildRules = (
			);
			dependencies = (
				EF3310931DA4F61600FF1D75 /* PBXTargetDependency */,
			);
			name = TableViewCustomSectionSampleTests;
			productName = TableViewCustomSectionSampleTests;
			productReference = EF3310911DA4F61600FF1D75 /* TableViewCustomSectionSampleTests.xctest */;
			productType = "com.apple.product-type.bundle.unit-test";
		};
		EF33109B1DA4F61600FF1D75 /* TableViewCustomSectionSampleUITests */ = {
			isa = PBXNativeTarget;
			buildConfigurationList = EF3310AB1DA4F61600FF1D75 /* Build configuration list for PBXNativeTarget "TableViewCustomSectionSampleUITests" */;
			buildPhases = (
				EF3310981DA4F61600FF1D75 /* Sources */,
				EF3310991DA4F61600FF1D75 /* Frameworks */,
				EF33109A1DA4F61600FF1D75 /* Resources */,
			);
			buildRules = (
			);
			dependencies = (
				EF33109E1DA4F61600FF1D75 /* PBXTargetDependency */,
			);
			name = TableViewCustomSectionSampleUITests;
			productName = TableViewCustomSectionSampleUITests;
			productReference = EF33109C1DA4F61600FF1D75 /* TableViewCustomSectionSampleUITests.xctest */;
			productType = "com.apple.product-type.bundle.ui-testing";
		};
/* End PBXNativeTarget section */

/* Begin PBXProject section */
		EF3310751DA4F61600FF1D75 /* Project object */ = {
			isa = PBXProject;
			attributes = {
				LastSwiftUpdateCheck = 0800;
				LastUpgradeCheck = 0800;
				ORGANIZATIONNAME = "Eisuke Sato";
				TargetAttributes = {
					EF33107C1DA4F61600FF1D75 = {
						CreatedOnToolsVersion = 8.0;
						ProvisioningStyle = Automatic;
					};
					EF3310901DA4F61600FF1D75 = {
						CreatedOnToolsVersion = 8.0;
						ProvisioningStyle = Automatic;
						TestTargetID = EF33107C1DA4F61600FF1D75;
					};
					EF33109B1DA4F61600FF1D75 = {
						CreatedOnToolsVersion = 8.0;
						ProvisioningStyle = Automatic;
						TestTargetID = EF33107C1DA4F61600FF1D75;
					};
				};
			};
			buildConfigurationList = EF3310781DA4F61600FF1D75 /* Build configuration list for PBXProject "TableViewCustomSectionSample" */;
			compatibilityVersion = "Xcode 3.2";
			developmentRegion = English;
			hasScannedForEncodings = 0;
			knownRegions = (
				en,
				Base,
			);
			mainGroup = EF3310741DA4F61600FF1D75;
			productRefGroup = EF33107E1DA4F61600FF1D75 /* Products */;
			projectDirPath = "";
			projectRoot = "";
			targets = (
				EF33107C1DA4F61600FF1D75 /* TableViewCustomSectionSample */,
				EF3310901DA4F61600FF1D75 /* TableViewCustomSectionSampleTests */,
				EF33109B1DA4F61600FF1D75 /* TableViewCustomSectionSampleUITests */,
			);
		};
/* End PBXProject section */

/* Begin PBXResourcesBuildPhase section */
		EF33107B1DA4F61600FF1D75 /* Resources */ = {
			isa = PBXResourcesBuildPhase;
			buildActionMask = 2147483647;
			files = (
				EF33108B1DA4F61600FF1D75 /* LaunchScreen.storyboard in Resources */,
				EF3310881DA4F61600FF1D75 /* Assets.xcassets in Resources */,
				EF3310861DA4F61600FF1D75 /* Main.storyboard in Resources */,
			);
			runOnlyForDeploymentPostprocessing = 0;
		};
		EF33108F1DA4F61600FF1D75 /* Resources */ = {
			isa = PBXResourcesBuildPhase;
			buildActionMask = 2147483647;
			files = (
			);
			runOnlyForDeploymentPostprocessing = 0;
		};
		EF33109A1DA4F61600FF1D75 /* Resources */ = {
			isa = PBXResourcesBuildPhase;
			buildActionMask = 2147483647;
			files = (
			);
			runOnlyForDeploymentPostprocessing = 0;
		};
/* End PBXResourcesBuildPhase section */

/* Begin PBXSourcesBuildPhase section */
		EF3310791DA4F61600FF1D75 /* Sources */ = {
			isa = PBXSourcesBuildPhase;
			buildActionMask = 2147483647;
			files = (
				EF3310831DA4F61600FF1D75 /* ViewController.swift in Sources */,
				EF3310811DA4F61600FF1D75 /* AppDelegate.swift in Sources */,
			);
			runOnlyForDeploymentPostprocessing = 0;
		};
		EF33108D1DA4F61600FF1D75 /* Sources */ = {
			isa = PBXSourcesBuildPhase;
			buildActionMask = 2147483647;
			files = (
				EF3310961DA4F61600FF1D75 /* TableViewCustomSectionSampleTests.swift in Sources */,
			);
			runOnlyForDeploymentPostprocessing = 0;
		};
		EF3310981DA4F61600FF1D75 /* Sources */ = {
			isa = PBXSourcesBuildPhase;
			buildActionMask = 2147483647;
			files = (
				EF3310A11DA4F61600FF1D75 /* TableViewCustomSectionSampleUITests.swift in Sources */,
			);
			runOnlyForDeploymentPostprocessing = 0;
		};
/* End PBXSourcesBuildPhase section */

/* Begin PBXTargetDependency section */
		EF3310931DA4F61600FF1D75 /* PBXTargetDependency */ = {
			isa = PBXTargetDependency;
			target = EF33107C1DA4F61600FF1D75 /* TableViewCustomSectionSample */;
			targetProxy = EF3310921DA4F61600FF1D75 /* PBXContainerItemProxy */;
		};
		EF33109E1DA4F61600FF1D75 /* PBXTargetDependency */ = {
			isa = PBXTargetDependency;
			target = EF33107C1DA4F61600FF1D75 /* TableViewCustomSectionSample */;
			targetProxy = EF33109D1DA4F61600FF1D75 /* PBXContainerItemProxy */;
		};
/* End PBXTargetDependency section */

/* Begin PBXVariantGroup section */
		EF3310841DA4F61600FF1D75 /* Main.storyboard */ = {
			isa = PBXVariantGroup;
			children = (
				EF3310851DA4F61600FF1D75 /* Base */,
			);
			name = Main.storyboard;
			sourceTree = "<group>";
		};
		EF3310891DA4F61600FF1D75 /* LaunchScreen.storyboard */ = {
			isa = PBXVariantGroup;
			children = (
				EF33108A1DA4F61600FF1D75 /* Base */,
			);
			name = LaunchScreen.storyboard;
			sourceTree = "<group>";
		};
/* End PBXVariantGroup section */

/* Begin XCBuildConfiguration section */
		EF3310A31DA4F61600FF1D75 /* Debug */ = {
			isa = XCBuildConfiguration;
			buildSettings = {
				ALWAYS_SEARCH_USER_PATHS = NO;
				CLANG_ANALYZER_NONNULL = YES;
				CLANG_CXX_LANGUAGE_STANDARD = "gnu++0x";
				CLANG_CXX_LIBRARY = "libc++";
				CLANG_ENABLE_MODULES = YES;
				CLANG_ENABLE_OBJC_ARC = YES;
				CLANG_WARN_BOOL_CONVERSION = YES;
				CLANG_WARN_CONSTANT_CONVERSION = YES;
				CLANG_WARN_DIRECT_OBJC_ISA_USAGE = YES_ERROR;
				CLANG_WARN_DOCUMENTATION_COMMENTS = YES;
				CLANG_WARN_EMPTY_BODY = YES;
				CLANG_WARN_ENUM_CONVERSION = YES;
				CLANG_WARN_INFINITE_RECURSION = YES;
				CLANG_WARN_INT_CONVERSION = YES;
				CLANG_WARN_OBJC_ROOT_CLASS = YES_ERROR;
				CLANG_WARN_SUSPICIOUS_MOVES = YES;
				CLANG_WARN_UNREACHABLE_CODE = YES;
				CLANG_WARN__DUPLICATE_METHOD_MATCH = YES;
				"CODE_SIGN_IDENTITY[sdk=iphoneos*]" = "iPhone Developer";
				COPY_PHASE_STRIP = NO;
				DEBUG_INFORMATION_FORMAT = dwarf;
				ENABLE_STRICT_OBJC_MSGSEND = YES;
				ENABLE_TESTABILITY = YES;
				GCC_C_LANGUAGE_STANDARD = gnu99;
				GCC_DYNAMIC_NO_PIC = NO;
				GCC_NO_COMMON_BLOCKS = YES;
				GCC_OPTIMIZATION_LEVEL = 0;
				GCC_PREPROCESSOR_DEFINITIONS = (
					"DEBUG=1",
					"$(inherited)",
				);
				GCC_WARN_64_TO_32_BIT_CONVERSION = YES;
				GCC_WARN_ABOUT_RETURN_TYPE = YES_ERROR;
				GCC_WARN_UNDECLARED_SELECTOR = YES;
				GCC_WARN_UNINITIALIZED_AUTOS = YES_AGGRESSIVE;
				GCC_WARN_UNUSED_FUNCTION = YES;
				GCC_WARN_UNUSED_VARIABLE = YES;
				IPHONEOS_DEPLOYMENT_TARGET = 10.0;
				MTL_ENABLE_DEBUG_INFO = YES;
				ONLY_ACTIVE_ARCH = YES;
				SDKROOT = iphoneos;
				SWIFT_ACTIVE_COMPILATION_CONDITIONS = DEBUG;
				SWIFT_OPTIMIZATION_LEVEL = "-Onone";
			};
			name = Debug;
		};
		EF3310A41DA4F61600FF1D75 /* Release */ = {
			isa = XCBuildConfiguration;
			buildSettings = {
				ALWAYS_SEARCH_USER_PATHS = NO;
				CLANG_ANALYZER_NONNULL = YES;
				CLANG_CXX_LANGUAGE_STANDARD = "gnu++0x";
				CLANG_CXX_LIBRARY = "libc++";
				CLANG_ENABLE_MODULES = YES;
				CLANG_ENABLE_OBJC_ARC = YES;
				CLANG_WARN_BOOL_CONVERSION = YES;
				CLANG_WARN_CONSTANT_CONVERSION = YES;
				CLANG_WARN_DIRECT_OBJC_ISA_USAGE = YES_ERROR;
				CLANG_WARN_DOCUMENTATION_COMMENTS = YES;
				CLANG_WARN_EMPTY_BODY = YES;
				CLANG_WARN_ENUM_CONVERSION = YES;
				CLANG_WARN_INFINITE_RECURSION = YES;
				CLANG_WARN_INT_CONVERSION = YES;
				CLANG_WARN_OBJC_ROOT_CLASS = YES_ERROR;
				CLANG_WARN_SUSPICIOUS_MOVES = YES;
				CLANG_WARN_UNREACHABLE_CODE = YES;
				CLANG_WARN__DUPLICATE_METHOD_MATCH = YES;
				"CODE_SIGN_IDENTITY[sdk=iphoneos*]" = "iPhone Developer";
				COPY_PHASE_STRIP = NO;
				DEBUG_INFORMATION_FORMAT = "dwarf-with-dsym";
				ENABLE_NS_ASSERTIONS = NO;
				ENABLE_STRICT_OBJC_MSGSEND = YES;
				GCC_C_LANGUAGE_STANDARD = gnu99;
				GCC_NO_COMMON_BLOCKS = YES;
				GCC_WARN_64_TO_32_BIT_CONVERSION = YES;
				GCC_WARN_ABOUT_RETURN_TYPE = YES_ERROR;
				GCC_WARN_UNDECLARED_SELECTOR = YES;
				GCC_WARN_UNINITIALIZED_AUTOS = YES_AGGRESSIVE;
				GCC_WARN_UNUSED_FUNCTION = YES;
				GCC_WARN_UNUSED_VARIABLE = YES;
				IPHONEOS_DEPLOYMENT_TARGET = 10.0;
				MTL_ENABLE_DEBUG_INFO = NO;
				SDKROOT = iphoneos;
				SWIFT_OPTIMIZATION_LEVEL = "-Owholemodule";
				VALIDATE_PRODUCT = YES;
			};
			name = Release;
		};
		EF3310A61DA4F61600FF1D75 /* Debug */ = {
			isa = XCBuildConfiguration;
			buildSettings = {
				ASSETCATALOG_COMPILER_APPICON_NAME = AppIcon;
				INFOPLIST_FILE = TableViewCustomSectionSample/Info.plist;
				LD_RUNPATH_SEARCH_PATHS = "$(inherited) @executable_path/Frameworks";
				PRODUCT_BUNDLE_IDENTIFIER = com.eddiecc.TableViewCustomSectionSample;
				PRODUCT_NAME = "$(TARGET_NAME)";
				SWIFT_VERSION = 3.0;
			};
			name = Debug;
		};
		EF3310A71DA4F61600FF1D75 /* Release */ = {
			isa = XCBuildConfiguration;
			buildSettings = {
				ASSETCATALOG_COMPILER_APPICON_NAME = AppIcon;
				INFOPLIST_FILE = TableViewCustomSectionSample/Info.plist;
				LD_RUNPATH_SEARCH_PATHS = "$(inherited) @executable_path/Frameworks";
				PRODUCT_BUNDLE_IDENTIFIER = com.eddiecc.TableViewCustomSectionSample;
				PRODUCT_NAME = "$(TARGET_NAME)";
				SWIFT_VERSION = 3.0;
			};
			name = Release;
		};
		EF3310A91DA4F61600FF1D75 /* Debug */ = {
			isa = XCBuildConfiguration;
			buildSettings = {
				ALWAYS_EMBED_SWIFT_STANDARD_LIBRARIES = YES;
				BUNDLE_LOADER = "$(TEST_HOST)";
				INFOPLIST_FILE = TableViewCustomSectionSampleTests/Info.plist;
				LD_RUNPATH_SEARCH_PATHS = "$(inherited) @executable_path/Frameworks @loader_path/Frameworks";
				PRODUCT_BUNDLE_IDENTIFIER = com.eddiecc.TableViewCustomSectionSampleTests;
				PRODUCT_NAME = "$(TARGET_NAME)";
				SWIFT_VERSION = 3.0;
				TEST_HOST = "$(BUILT_PRODUCTS_DIR)/TableViewCustomSectionSample.app/TableViewCustomSectionSample";
			};
			name = Debug;
		};
		EF3310AA1DA4F61600FF1D75 /* Release */ = {
			isa = XCBuildConfiguration;
			buildSettings = {
				ALWAYS_EMBED_SWIFT_STANDARD_LIBRARIES = YES;
				BUNDLE_LOADER = "$(TEST_HOST)";
				INFOPLIST_FILE = TableViewCustomSectionSampleTests/Info.plist;
				LD_RUNPATH_SEARCH_PATHS = "$(inherited) @executable_path/Frameworks @loader_path/Frameworks";
				PRODUCT_BUNDLE_IDENTIFIER = com.eddiecc.TableViewCustomSectionSampleTests;
				PRODUCT_NAME = "$(TARGET_NAME)";
				SWIFT_VERSION = 3.0;
				TEST_HOST = "$(BUILT_PRODUCTS_DIR)/TableViewCustomSectionSample.app/TableViewCustomSectionSample";
			};
			name = Release;
		};
		EF3310AC1DA4F61600FF1D75 /* Debug */ = {
			isa = XCBuildConfiguration;
			buildSettings = {
				ALWAYS_EMBED_SWIFT_STANDARD_LIBRARIES = YES;
				INFOPLIST_FILE = TableViewCustomSectionSampleUITests/Info.plist;
				LD_RUNPATH_SEARCH_PATHS = "$(inherited) @executable_path/Frameworks @loader_path/Frameworks";
				PRODUCT_BUNDLE_IDENTIFIER = com.eddiecc.TableViewCustomSectionSampleUITests;
				PRODUCT_NAME = "$(TARGET_NAME)";
				SWIFT_VERSION = 3.0;
				TEST_TARGET_NAME = TableViewCustomSectionSample;
			};
			name = Debug;
		};
		EF3310AD1DA4F61600FF1D75 /* Release */ = {
			isa = XCBuildConfiguration;
			buildSettings = {
				ALWAYS_EMBED_SWIFT_STANDARD_LIBRARIES = YES;
				INFOPLIST_FILE = TableViewCustomSectionSampleUITests/Info.plist;
				LD_RUNPATH_SEARCH_PATHS = "$(inherited) @executable_path/Frameworks @loader_path/Frameworks";
				PRODUCT_BUNDLE_IDENTIFIER = com.eddiecc.TableViewCustomSectionSampleUITests;
				PRODUCT_NAME = "$(TARGET_NAME)";
				SWIFT_VERSION = 3.0;
				TEST_TARGET_NAME = TableViewCustomSectionSample;
			};
			name = Release;
		};
/* End XCBuildConfiguration section */

/* Begin XCConfigurationList section */
		EF3310781DA4F61600FF1D75 /* Build configuration list for PBXProject "TableViewCustomSectionSample" */ = {
			isa = XCConfigurationList;
			buildConfigurations = (
				EF3310A31DA4F61600FF1D75 /* Debug */,
				EF3310A41DA4F61600FF1D75 /* Release */,
			);
			defaultConfigurationIsVisible = 0;
			defaultConfigurationName = Release;
		};
		EF3310A51DA4F61600FF1D75 /* Build configuration list for PBXNativeTarget "TableViewCustomSectionSample" */ = {
			isa = XCConfigurationList;
			buildConfigurations = (
				EF3310A61DA4F61600FF1D75 /* Debug */,
				EF3310A71DA4F61600FF1D75 /* Release */,
			);
			defaultConfigurationIsVisible = 0;
		};
		EF3310A81DA4F61600FF1D75 /* Build configuration list for PBXNativeTarget "TableViewCustomSectionSampleTests" */ = {
			isa = XCConfigurationList;
			buildConfigurations = (
				EF3310A91DA4F61600FF1D75 /* Debug */,
				EF3310AA1DA4F61600FF1D75 /* Release */,
			);
			defaultConfigurationIsVisible = 0;
		};
		EF3310AB1DA4F61600FF1D75 /* Build configuration list for PBXNativeTarget "TableViewCustomSectionSampleUITests" */ = {
			isa = XCConfigurationList;
			buildConfigurations = (
				EF3310AC1DA4F61600FF1D75 /* Debug */,
				EF3310AD1DA4F61600FF1D75 /* Release */,
			);
			defaultConfigurationIsVisible = 0;
		};
/* End XCConfigurationList section */
	};
	rootObject = EF3310751DA4F61600FF1D75 /* Project object */;
}
